
Microsoft Visual Studio Solution File, Format Version 12.00
# Visual Studio Version 17
VisualStudioVersion = 17.3.32901.215
MinimumVisualStudioVersion = 10.0.40219.1
Project("{FAE04EC0-301F-11D3-BF4B-00C04F79EFBC}") = "Crud", "Crud.csproj", "{50B46940-3943-4C21-840A-D6069D01C15E}"
EndProject
Global
	GlobalSection(SolutionConfigurationPlatforms) = preSolution
		Debug|Any CPU = Debug|Any CPU
		Release|Any CPU = Release|Any CPU
	EndGlobalSection
	GlobalSection(ProjectConfigurationPlatforms) = postSolution
		{50B46940-3943-4C21-840A-D6069D01C15E}.Debug|Any CPU.ActiveCfg = Debug|Any CPU
		{50B46940-3943-4C21-840A-D6069D01C15E}.Debug|Any CPU.Build.0 = Debug|Any CPU
		{50B46940-3943-4C21-840A-D6069D01C15E}.Release|Any CPU.ActiveCfg = Release|Any CPU
		{50B46940-3943-4C21-840A-D6069D01C15E}.Release|Any CPU.Build.0 = Release|Any CPU
	EndGlobalSection
	GlobalSection(SolutionProperties) = preSolution
		HideSolutionNode = FALSE
	EndGlobalSection
	GlobalSection(ExtensibilityGlobals) = postSolution
		SolutionGuid = {D4AEC0C3-5759-4A02-9874-8B16FAD2139B}
	EndGlobalSection
EndGlobal
